
Microsoft Visual Studio Solution File, Format Version 12.00
# Visual Studio Version 17
VisualStudioVersion = 17.4.33110.190
MinimumVisualStudioVersion = 10.0.40219.1
Project("{9A19103F-16F7-4668-BE54-9A1E7A4F7556}") = "clinic_backend", "clinic_backend.csproj", "{E6E921DD-6BB9-478E-93D9-1803E7EAEFCF}"
EndProject
Project("{FAE04EC0-301F-11D3-BF4B-00C04F79EFBC}") = "clinic_reports", "..\clinic_reports\clinic_reports.csproj", "{60E3B09C-45B6-49E7-8701-6EA8749D7A2A}"
EndProject
Global
	GlobalSection(SolutionConfigurationPlatforms) = preSolution
		Debug|Any CPU = Debug|Any CPU
		Release|Any CPU = Release|Any CPU
	EndGlobalSection
	GlobalSection(ProjectConfigurationPlatforms) = postSolution
		{E6E921DD-6BB9-478E-93D9-1803E7EAEFCF}.Debug|Any CPU.ActiveCfg = Debug|Any CPU
		{E6E921DD-6BB9-478E-93D9-1803E7EAEFCF}.Debug|Any CPU.Build.0 = Debug|Any CPU
		{E6E921DD-6BB9-478E-93D9-1803E7EAEFCF}.Release|Any CPU.ActiveCfg = Release|Any CPU
		{E6E921DD-6BB9-478E-93D9-1803E7EAEFCF}.Release|Any CPU.Build.0 = Release|Any CPU
		{60E3B09C-45B6-49E7-8701-6EA8749D7A2A}.Debug|Any CPU.ActiveCfg = Debug|Any CPU
		{60E3B09C-45B6-49E7-8701-6EA8749D7A2A}.Debug|Any CPU.Build.0 = Debug|Any CPU
		{60E3B09C-45B6-49E7-8701-6EA8749D7A2A}.Release|Any CPU.ActiveCfg = Release|Any CPU
		{60E3B09C-45B6-49E7-8701-6EA8749D7A2A}.Release|Any CPU.Build.0 = Release|Any CPU
	EndGlobalSection
	GlobalSection(SolutionProperties) = preSolution
		HideSolutionNode = FALSE
	EndGlobalSection
	GlobalSection(ExtensibilityGlobals) = postSolution
		SolutionGuid = {50E3A54E-F5AD-4925-BBC4-057D0126FC81}
	EndGlobalSection
EndGlobal
